
Microsoft Visual Studio Solution File, Format Version 12.00
# Visual Studio Version 17
VisualStudioVersion = 17.7.34031.279
MinimumVisualStudioVersion = 10.0.40219.1
Project("{9A19103F-16F7-4668-BE54-9A1E7A4F7556}") = "Task_01", "Task_01\Task_01.csproj", "{3B6E81D3-A99F-4A79-AB29-AC8A23857D75}"
EndProject
Project("{9A19103F-16F7-4668-BE54-9A1E7A4F7556}") = "Task_02", "Task_02\Task_02.csproj", "{5B41458B-7A09-42D5-944E-B9F825C60B38}"
EndProject
Project("{9A19103F-16F7-4668-BE54-9A1E7A4F7556}") = "Task_03", "Task_03\Task_03.csproj", "{EEB07E59-1279-4556-8A5D-3BD363C5A594}"
EndProject
Project("{9A19103F-16F7-4668-BE54-9A1E7A4F7556}") = "Task_04", "Task_04\Task_04.csproj", "{EE733F55-44E7-45FA-9155-1FC63556A0DD}"
EndProject
Project("{9A19103F-16F7-4668-BE54-9A1E7A4F7556}") = "Task_05", "Task_05\Task_05.csproj", "{FD963690-132D-48A7-8BF3-262516B645FD}"
EndProject
Project("{9A19103F-16F7-4668-BE54-9A1E7A4F7556}") = "Task_06", "Task_06\Task_06.csproj", "{7809165E-A4B7-459D-9A80-6BE4E00FF2BC}"
EndProject
Project("{9A19103F-16F7-4668-BE54-9A1E7A4F7556}") = "Task_07", "Task_07\Task_07.csproj", "{A95D44EF-FC0C-47E0-8E2A-8DBEB07672A5}"
EndProject
Project("{9A19103F-16F7-4668-BE54-9A1E7A4F7556}") = "Task_08", "Task_08\Task_08.csproj", "{967704D2-07F3-480A-8B3D-AFEC1AC86BC0}"
EndProject
Project("{9A19103F-16F7-4668-BE54-9A1E7A4F7556}") = "Task_09", "Task_09\Task_09.csproj", "{EEC34D9A-F493-43BF-94C8-6994742AA921}"
EndProject
Project("{9A19103F-16F7-4668-BE54-9A1E7A4F7556}") = "Task_10", "Task_10\Task_10.csproj", "{F988AFDA-1232-4369-9DA0-28C42B188BD0}"
EndProject
Project("{9A19103F-16F7-4668-BE54-9A1E7A4F7556}") = "Task_11", "Task_11\Task_11.csproj", "{01AA0568-32CC-489B-9FE3-4E357ADD85EB}"
EndProject
Project("{9A19103F-16F7-4668-BE54-9A1E7A4F7556}") = "Task_12", "Task_12\Task_12.csproj", "{D55CC04D-EC56-4FA1-910D-25D25D37C5D7}"
EndProject
Project("{FAE04EC0-301F-11D3-BF4B-00C04F79EFBC}") = "Task_13", "Task_13\Task_13.csproj", "{302F19A9-9BD2-4FEE-A08C-47174DA940C2}"
EndProject
Project("{FAE04EC0-301F-11D3-BF4B-00C04F79EFBC}") = "Task_14", "Task_14\Task_14.csproj", "{38A9A1CE-4F45-4FBA-AAED-FC428EDC0CF7}"
EndProject
Global
	GlobalSection(SolutionConfigurationPlatforms) = preSolution
		Debug|Any CPU = Debug|Any CPU
		Release|Any CPU = Release|Any CPU
	EndGlobalSection
	GlobalSection(ProjectConfigurationPlatforms) = postSolution
		{3B6E81D3-A99F-4A79-AB29-AC8A23857D75}.Debug|Any CPU.ActiveCfg = Debug|Any CPU
		{3B6E81D3-A99F-4A79-AB29-AC8A23857D75}.Debug|Any CPU.Build.0 = Debug|Any CPU
		{3B6E81D3-A99F-4A79-AB29-AC8A23857D75}.Release|Any CPU.ActiveCfg = Release|Any CPU
		{3B6E81D3-A99F-4A79-AB29-AC8A23857D75}.Release|Any CPU.Build.0 = Release|Any CPU
		{5B41458B-7A09-42D5-944E-B9F825C60B38}.Debug|Any CPU.ActiveCfg = Debug|Any CPU
		{5B41458B-7A09-42D5-944E-B9F825C60B38}.Debug|Any CPU.Build.0 = Debug|Any CPU
		{5B41458B-7A09-42D5-944E-B9F825C60B38}.Release|Any CPU.ActiveCfg = Release|Any CPU
		{5B41458B-7A09-42D5-944E-B9F825C60B38}.Release|Any CPU.Build.0 = Release|Any CPU
		{EEB07E59-1279-4556-8A5D-3BD363C5A594}.Debug|Any CPU.ActiveCfg = Debug|Any CPU
		{EEB07E59-1279-4556-8A5D-3BD363C5A594}.Debug|Any CPU.Build.0 = Debug|Any CPU
		{EEB07E59-1279-4556-8A5D-3BD363C5A594}.Release|Any CPU.ActiveCfg = Release|Any CPU
		{EEB07E59-1279-4556-8A5D-3BD363C5A594}.Release|Any CPU.Build.0 = Release|Any CPU
		{EE733F55-44E7-45FA-9155-1FC63556A0DD}.Debug|Any CPU.ActiveCfg = Debug|Any CPU
		{EE733F55-44E7-45FA-9155-1FC63556A0DD}.Debug|Any CPU.Build.0 = Debug|Any CPU
		{EE733F55-44E7-45FA-9155-1FC63556A0DD}.Release|Any CPU.ActiveCfg = Release|Any CPU
		{EE733F55-44E7-45FA-9155-1FC63556A0DD}.Release|Any CPU.Build.0 = Release|Any CPU
		{FD963690-132D-48A7-8BF3-262516B645FD}.Debug|Any CPU.ActiveCfg = Debug|Any CPU
		{FD963690-132D-48A7-8BF3-262516B645FD}.Debug|Any CPU.Build.0 = Debug|Any CPU
		{FD963690-132D-48A7-8BF3-262516B645FD}.Release|Any CPU.ActiveCfg = Release|Any CPU
		{FD963690-132D-48A7-8BF3-262516B645FD}.Release|Any CPU.Build.0 = Release|Any CPU
		{7809165E-A4B7-459D-9A80-6BE4E00FF2BC}.Debug|Any CPU.ActiveCfg = Debug|Any CPU
		{7809165E-A4B7-459D-9A80-6BE4E00FF2BC}.Debug|Any CPU.Build.0 = Debug|Any CPU
		{7809165E-A4B7-459D-9A80-6BE4E00FF2BC}.Release|Any CPU.ActiveCfg = Release|Any CPU
		{7809165E-A4B7-459D-9A80-6BE4E00FF2BC}.Release|Any CPU.Build.0 = Release|Any CPU
		{A95D44EF-FC0C-47E0-8E2A-8DBEB07672A5}.Debug|Any CPU.ActiveCfg = Debug|Any CPU
		{A95D44EF-FC0C-47E0-8E2A-8DBEB07672A5}.Debug|Any CPU.Build.0 = Debug|Any CPU
		{A95D44EF-FC0C-47E0-8E2A-8DBEB07672A5}.Release|Any CPU.ActiveCfg = Release|Any CPU
		{A95D44EF-FC0C-47E0-8E2A-8DBEB07672A5}.Release|Any CPU.Build.0 = Release|Any CPU
		{967704D2-07F3-480A-8B3D-AFEC1AC86BC0}.Debug|Any CPU.ActiveCfg = Debug|Any CPU
		{967704D2-07F3-480A-8B3D-AFEC1AC86BC0}.Debug|Any CPU.Build.0 = Debug|Any CPU
		{967704D2-07F3-480A-8B3D-AFEC1AC86BC0}.Release|Any CPU.ActiveCfg = Release|Any CPU
		{967704D2-07F3-480A-8B3D-AFEC1AC86BC0}.Release|Any CPU.Build.0 = Release|Any CPU
		{EEC34D9A-F493-43BF-94C8-6994742AA921}.Debug|Any CPU.ActiveCfg = Debug|Any CPU
		{EEC34D9A-F493-43BF-94C8-6994742AA921}.Debug|Any CPU.Build.0 = Debug|Any CPU
		{EEC34D9A-F493-43BF-94C8-6994742AA921}.Release|Any CPU.ActiveCfg = Release|Any CPU
		{EEC34D9A-F493-43BF-94C8-6994742AA921}.Release|Any CPU.Build.0 = Release|Any CPU
		{F988AFDA-1232-4369-9DA0-28C42B188BD0}.Debug|Any CPU.ActiveCfg = Debug|Any CPU
		{F988AFDA-1232-4369-9DA0-28C42B188BD0}.Debug|Any CPU.Build.0 = Debug|Any CPU
		{F988AFDA-1232-4369-9DA0-28C42B188BD0}.Release|Any CPU.ActiveCfg = Release|Any CPU
		{F988AFDA-1232-4369-9DA0-28C42B188BD0}.Release|Any CPU.Build.0 = Release|Any CPU
		{01AA0568-32CC-489B-9FE3-4E357ADD85EB}.Debug|Any CPU.ActiveCfg = Debug|Any CPU
		{01AA0568-32CC-489B-9FE3-4E357ADD85EB}.Debug|Any CPU.Build.0 = Debug|Any CPU
		{01AA0568-32CC-489B-9FE3-4E357ADD85EB}.Release|Any CPU.ActiveCfg = Release|Any CPU
		{01AA0568-32CC-489B-9FE3-4E357ADD85EB}.Release|Any CPU.Build.0 = Release|Any CPU
		{D55CC04D-EC56-4FA1-910D-25D25D37C5D7}.Debug|Any CPU.ActiveCfg = Debug|Any CPU
		{D55CC04D-EC56-4FA1-910D-25D25D37C5D7}.Debug|Any CPU.Build.0 = Debug|Any CPU
		{D55CC04D-EC56-4FA1-910D-25D25D37C5D7}.Release|Any CPU.ActiveCfg = Release|Any CPU
		{D55CC04D-EC56-4FA1-910D-25D25D37C5D7}.Release|Any CPU.Build.0 = Release|Any CPU
		{302F19A9-9BD2-4FEE-A08C-47174DA940C2}.Debug|Any CPU.ActiveCfg = Debug|Any CPU
		{302F19A9-9BD2-4FEE-A08C-47174DA940C2}.Debug|Any CPU.Build.0 = Debug|Any CPU
		{302F19A9-9BD2-4FEE-A08C-47174DA940C2}.Release|Any CPU.ActiveCfg = Release|Any CPU
		{302F19A9-9BD2-4FEE-A08C-47174DA940C2}.Release|Any CPU.Build.0 = Release|Any CPU
		{38A9A1CE-4F45-4FBA-AAED-FC428EDC0CF7}.Debug|Any CPU.ActiveCfg = Debug|Any CPU
		{38A9A1CE-4F45-4FBA-AAED-FC428EDC0CF7}.Debug|Any CPU.Build.0 = Debug|Any CPU
		{38A9A1CE-4F45-4FBA-AAED-FC428EDC0CF7}.Release|Any CPU.ActiveCfg = Release|Any CPU
		{38A9A1CE-4F45-4FBA-AAED-FC428EDC0CF7}.Release|Any CPU.Build.0 = Release|Any CPU
	EndGlobalSection
	GlobalSection(SolutionProperties) = preSolution
		HideSolutionNode = FALSE
	EndGlobalSection
	GlobalSection(ExtensibilityGlobals) = postSolution
		SolutionGuid = {BD036833-2E27-4F97-965B-D0AAE3BAA9B8}
	EndGlobalSection
EndGlobal
