
Microsoft Visual Studio Solution File, Format Version 12.00
# Visual Studio Version 17
VisualStudioVersion = 17.7.34031.279
MinimumVisualStudioVersion = 10.0.40219.1
Project("{FAE04EC0-301F-11D3-BF4B-00C04F79EFBC}") = "Task", "Task\Task.csproj", "{7C4A5455-2860-43E1-A128-D772E5723267}"
EndProject
Global
	GlobalSection(SolutionConfigurationPlatforms) = preSolution
		Debug|Any CPU = Debug|Any CPU
		Release|Any CPU = Release|Any CPU
	EndGlobalSection
	GlobalSection(ProjectConfigurationPlatforms) = postSolution
		{7C4A5455-2860-43E1-A128-D772E5723267}.Debug|Any CPU.ActiveCfg = Debug|Any CPU
		{7C4A5455-2860-43E1-A128-D772E5723267}.Debug|Any CPU.Build.0 = Debug|Any CPU
		{7C4A5455-2860-43E1-A128-D772E5723267}.Release|Any CPU.ActiveCfg = Release|Any CPU
		{7C4A5455-2860-43E1-A128-D772E5723267}.Release|Any CPU.Build.0 = Release|Any CPU
	EndGlobalSection
	GlobalSection(SolutionProperties) = preSolution
		HideSolutionNode = FALSE
	EndGlobalSection
	GlobalSection(ExtensibilityGlobals) = postSolution
		SolutionGuid = {20628BAF-027A-4B4D-9295-5F5EA8928F94}
	EndGlobalSection
EndGlobal
