
Microsoft Visual Studio Solution File, Format Version 12.00
# Visual Studio Version 17
VisualStudioVersion = 17.5.33627.172
MinimumVisualStudioVersion = 10.0.40219.1
Project("{FAE04EC0-301F-11D3-BF4B-00C04F79EFBC}") = "ClothesChangeGame", "ClothesChangeGame\ClothesChangeGame.csproj", "{EC8ED00D-67F8-495B-9597-4F8B5C39DC6E}"
EndProject
Global
	GlobalSection(SolutionConfigurationPlatforms) = preSolution
		Debug|Any CPU = Debug|Any CPU
		Release|Any CPU = Release|Any CPU
	EndGlobalSection
	GlobalSection(ProjectConfigurationPlatforms) = postSolution
		{EC8ED00D-67F8-495B-9597-4F8B5C39DC6E}.Debug|Any CPU.ActiveCfg = Debug|Any CPU
		{EC8ED00D-67F8-495B-9597-4F8B5C39DC6E}.Debug|Any CPU.Build.0 = Debug|Any CPU
		{EC8ED00D-67F8-495B-9597-4F8B5C39DC6E}.Release|Any CPU.ActiveCfg = Release|Any CPU
		{EC8ED00D-67F8-495B-9597-4F8B5C39DC6E}.Release|Any CPU.Build.0 = Release|Any CPU
	EndGlobalSection
	GlobalSection(SolutionProperties) = preSolution
		HideSolutionNode = FALSE
	EndGlobalSection
	GlobalSection(ExtensibilityGlobals) = postSolution
		SolutionGuid = {02BFF5A7-73C1-4B7B-8505-49DFB8565872}
	EndGlobalSection
EndGlobal
