
Microsoft Visual Studio Solution File, Format Version 12.00
# Visual Studio Version 17
VisualStudioVersion = 17.7.34031.279
MinimumVisualStudioVersion = 10.0.40219.1
Project("{FAE04EC0-301F-11D3-BF4B-00C04F79EFBC}") = "Program", "Program\Program.csproj", "{B186BFC5-5F32-41C9-A012-71CDF75CF13E}"
EndProject
Global
	GlobalSection(SolutionConfigurationPlatforms) = preSolution
		Debug|Any CPU = Debug|Any CPU
		Release|Any CPU = Release|Any CPU
	EndGlobalSection
	GlobalSection(ProjectConfigurationPlatforms) = postSolution
		{B186BFC5-5F32-41C9-A012-71CDF75CF13E}.Debug|Any CPU.ActiveCfg = Debug|Any CPU
		{B186BFC5-5F32-41C9-A012-71CDF75CF13E}.Debug|Any CPU.Build.0 = Debug|Any CPU
		{B186BFC5-5F32-41C9-A012-71CDF75CF13E}.Release|Any CPU.ActiveCfg = Release|Any CPU
		{B186BFC5-5F32-41C9-A012-71CDF75CF13E}.Release|Any CPU.Build.0 = Release|Any CPU
	EndGlobalSection
	GlobalSection(SolutionProperties) = preSolution
		HideSolutionNode = FALSE
	EndGlobalSection
	GlobalSection(ExtensibilityGlobals) = postSolution
		SolutionGuid = {796A1049-6684-4082-9854-FBF478B53B66}
	EndGlobalSection
EndGlobal
