
Microsoft Visual Studio Solution File, Format Version 12.00
# Visual Studio Version 17
VisualStudioVersion = 17.7.34031.279
MinimumVisualStudioVersion = 10.0.40219.1
Project("{9A19103F-16F7-4668-BE54-9A1E7A4F7556}") = "Task_01", "Task_01\Task_01.csproj", "{1B1F41BF-C943-4CB6-BA8F-74DDE6E17AAA}"
EndProject
Project("{9A19103F-16F7-4668-BE54-9A1E7A4F7556}") = "Task_02", "Task_02\Task_02.csproj", "{AD85805D-AF89-46D6-A081-C75ED06A39D8}"
EndProject
Project("{9A19103F-16F7-4668-BE54-9A1E7A4F7556}") = "Task_03", "Task_03\Task_03.csproj", "{14317CFA-095B-4CB7-ABF7-CCA51B125F12}"
EndProject
Project("{FAE04EC0-301F-11D3-BF4B-00C04F79EFBC}") = "Task_04", "Task_04\Task_04.csproj", "{8C4B060B-9D3B-4085-8956-454171E1B042}"
EndProject
Project("{FAE04EC0-301F-11D3-BF4B-00C04F79EFBC}") = "Task_05", "Task_05\Task_05.csproj", "{F7F4CFE6-7EED-4BF1-8C4A-98D0EF512671}"
EndProject
Global
	GlobalSection(SolutionConfigurationPlatforms) = preSolution
		Debug|Any CPU = Debug|Any CPU
		Release|Any CPU = Release|Any CPU
	EndGlobalSection
	GlobalSection(ProjectConfigurationPlatforms) = postSolution
		{1B1F41BF-C943-4CB6-BA8F-74DDE6E17AAA}.Debug|Any CPU.ActiveCfg = Debug|Any CPU
		{1B1F41BF-C943-4CB6-BA8F-74DDE6E17AAA}.Debug|Any CPU.Build.0 = Debug|Any CPU
		{1B1F41BF-C943-4CB6-BA8F-74DDE6E17AAA}.Release|Any CPU.ActiveCfg = Release|Any CPU
		{1B1F41BF-C943-4CB6-BA8F-74DDE6E17AAA}.Release|Any CPU.Build.0 = Release|Any CPU
		{AD85805D-AF89-46D6-A081-C75ED06A39D8}.Debug|Any CPU.ActiveCfg = Debug|Any CPU
		{AD85805D-AF89-46D6-A081-C75ED06A39D8}.Debug|Any CPU.Build.0 = Debug|Any CPU
		{AD85805D-AF89-46D6-A081-C75ED06A39D8}.Release|Any CPU.ActiveCfg = Release|Any CPU
		{AD85805D-AF89-46D6-A081-C75ED06A39D8}.Release|Any CPU.Build.0 = Release|Any CPU
		{14317CFA-095B-4CB7-ABF7-CCA51B125F12}.Debug|Any CPU.ActiveCfg = Debug|Any CPU
		{14317CFA-095B-4CB7-ABF7-CCA51B125F12}.Debug|Any CPU.Build.0 = Debug|Any CPU
		{14317CFA-095B-4CB7-ABF7-CCA51B125F12}.Release|Any CPU.ActiveCfg = Release|Any CPU
		{14317CFA-095B-4CB7-ABF7-CCA51B125F12}.Release|Any CPU.Build.0 = Release|Any CPU
		{8C4B060B-9D3B-4085-8956-454171E1B042}.Debug|Any CPU.ActiveCfg = Debug|Any CPU
		{8C4B060B-9D3B-4085-8956-454171E1B042}.Debug|Any CPU.Build.0 = Debug|Any CPU
		{8C4B060B-9D3B-4085-8956-454171E1B042}.Release|Any CPU.ActiveCfg = Release|Any CPU
		{8C4B060B-9D3B-4085-8956-454171E1B042}.Release|Any CPU.Build.0 = Release|Any CPU
		{F7F4CFE6-7EED-4BF1-8C4A-98D0EF512671}.Debug|Any CPU.ActiveCfg = Debug|Any CPU
		{F7F4CFE6-7EED-4BF1-8C4A-98D0EF512671}.Debug|Any CPU.Build.0 = Debug|Any CPU
		{F7F4CFE6-7EED-4BF1-8C4A-98D0EF512671}.Release|Any CPU.ActiveCfg = Release|Any CPU
		{F7F4CFE6-7EED-4BF1-8C4A-98D0EF512671}.Release|Any CPU.Build.0 = Release|Any CPU
	EndGlobalSection
	GlobalSection(SolutionProperties) = preSolution
		HideSolutionNode = FALSE
	EndGlobalSection
	GlobalSection(ExtensibilityGlobals) = postSolution
		SolutionGuid = {67C37ACD-DACF-4DA2-B1DE-F9C37C596913}
	EndGlobalSection
EndGlobal
